
Microsoft Visual Studio Solution File, Format Version 12.00
Project("{FAE04EC0-301F-11D3-BF4B-00C04F79EFBC}") = "Factory", "Factory\Factory.csproj", "{08ACA078-56EE-4C95-9122-511290C47965}"
EndProject
Project("{FAE04EC0-301F-11D3-BF4B-00C04F79EFBC}") = "Adapter", "Adapter\Adapter.csproj", "{5AD560B6-98FD-4EEF-B6B6-6D9F6EEBFB54}"
EndProject
Project("{FAE04EC0-301F-11D3-BF4B-00C04F79EFBC}") = "Singleton", "Singleton\Singleton.csproj", "{6CACF42E-A3E5-4379-A9EF-CB0DA217E040}"
EndProject
Project("{FAE04EC0-301F-11D3-BF4B-00C04F79EFBC}") = "Bridge", "Bridge\Bridge.csproj", "{6F470CF3-0F65-4F4F-9E3F-DDB3DF339C3C}"
EndProject
Project("{FAE04EC0-301F-11D3-BF4B-00C04F79EFBC}") = "Observer", "Observer\Observer.csproj", "{BDB8C9E0-180E-4245-AF75-6C1E4589C6F1}"
EndProject
Project("{FAE04EC0-301F-11D3-BF4B-00C04F79EFBC}") = "Facade", "Facade\Facade.csproj", "{42C47E65-2091-433C-8FB4-AEEE55A11EEC}"
EndProject
Project("{FAE04EC0-301F-11D3-BF4B-00C04F79EFBC}") = "Strategy", "Strategy\Strategy.csproj", "{F8B84F29-7C5E-45AD-B6BA-DA3E198AD37B}"
EndProject
Project("{FAE04EC0-301F-11D3-BF4B-00C04F79EFBC}") = "Command", "Command\Command.csproj", "{C8AD2FA2-1227-456F-9B8F-C0067797BBFB}"
EndProject
Global
	GlobalSection(SolutionConfigurationPlatforms) = preSolution
		Debug|Any CPU = Debug|Any CPU
		Release|Any CPU = Release|Any CPU
	EndGlobalSection
	GlobalSection(ProjectConfigurationPlatforms) = postSolution
		{08ACA078-56EE-4C95-9122-511290C47965}.Debug|Any CPU.ActiveCfg = Debug|Any CPU
		{08ACA078-56EE-4C95-9122-511290C47965}.Debug|Any CPU.Build.0 = Debug|Any CPU
		{08ACA078-56EE-4C95-9122-511290C47965}.Release|Any CPU.ActiveCfg = Release|Any CPU
		{08ACA078-56EE-4C95-9122-511290C47965}.Release|Any CPU.Build.0 = Release|Any CPU
		{5AD560B6-98FD-4EEF-B6B6-6D9F6EEBFB54}.Debug|Any CPU.ActiveCfg = Debug|Any CPU
		{5AD560B6-98FD-4EEF-B6B6-6D9F6EEBFB54}.Debug|Any CPU.Build.0 = Debug|Any CPU
		{5AD560B6-98FD-4EEF-B6B6-6D9F6EEBFB54}.Release|Any CPU.ActiveCfg = Release|Any CPU
		{5AD560B6-98FD-4EEF-B6B6-6D9F6EEBFB54}.Release|Any CPU.Build.0 = Release|Any CPU
		{6CACF42E-A3E5-4379-A9EF-CB0DA217E040}.Debug|Any CPU.ActiveCfg = Debug|Any CPU
		{6CACF42E-A3E5-4379-A9EF-CB0DA217E040}.Debug|Any CPU.Build.0 = Debug|Any CPU
		{6CACF42E-A3E5-4379-A9EF-CB0DA217E040}.Release|Any CPU.ActiveCfg = Release|Any CPU
		{6CACF42E-A3E5-4379-A9EF-CB0DA217E040}.Release|Any CPU.Build.0 = Release|Any CPU
		{6F470CF3-0F65-4F4F-9E3F-DDB3DF339C3C}.Debug|Any CPU.ActiveCfg = Debug|Any CPU
		{6F470CF3-0F65-4F4F-9E3F-DDB3DF339C3C}.Debug|Any CPU.Build.0 = Debug|Any CPU
		{6F470CF3-0F65-4F4F-9E3F-DDB3DF339C3C}.Release|Any CPU.ActiveCfg = Release|Any CPU
		{6F470CF3-0F65-4F4F-9E3F-DDB3DF339C3C}.Release|Any CPU.Build.0 = Release|Any CPU
		{BDB8C9E0-180E-4245-AF75-6C1E4589C6F1}.Debug|Any CPU.ActiveCfg = Debug|Any CPU
		{BDB8C9E0-180E-4245-AF75-6C1E4589C6F1}.Debug|Any CPU.Build.0 = Debug|Any CPU
		{BDB8C9E0-180E-4245-AF75-6C1E4589C6F1}.Release|Any CPU.ActiveCfg = Release|Any CPU
		{BDB8C9E0-180E-4245-AF75-6C1E4589C6F1}.Release|Any CPU.Build.0 = Release|Any CPU
		{42C47E65-2091-433C-8FB4-AEEE55A11EEC}.Debug|Any CPU.ActiveCfg = Debug|Any CPU
		{42C47E65-2091-433C-8FB4-AEEE55A11EEC}.Debug|Any CPU.Build.0 = Debug|Any CPU
		{42C47E65-2091-433C-8FB4-AEEE55A11EEC}.Release|Any CPU.ActiveCfg = Release|Any CPU
		{42C47E65-2091-433C-8FB4-AEEE55A11EEC}.Release|Any CPU.Build.0 = Release|Any CPU
		{F8B84F29-7C5E-45AD-B6BA-DA3E198AD37B}.Debug|Any CPU.ActiveCfg = Debug|Any CPU
		{F8B84F29-7C5E-45AD-B6BA-DA3E198AD37B}.Debug|Any CPU.Build.0 = Debug|Any CPU
		{F8B84F29-7C5E-45AD-B6BA-DA3E198AD37B}.Release|Any CPU.ActiveCfg = Release|Any CPU
		{F8B84F29-7C5E-45AD-B6BA-DA3E198AD37B}.Release|Any CPU.Build.0 = Release|Any CPU
		{C8AD2FA2-1227-456F-9B8F-C0067797BBFB}.Debug|Any CPU.ActiveCfg = Debug|Any CPU
		{C8AD2FA2-1227-456F-9B8F-C0067797BBFB}.Debug|Any CPU.Build.0 = Debug|Any CPU
		{C8AD2FA2-1227-456F-9B8F-C0067797BBFB}.Release|Any CPU.ActiveCfg = Release|Any CPU
		{C8AD2FA2-1227-456F-9B8F-C0067797BBFB}.Release|Any CPU.Build.0 = Release|Any CPU
	EndGlobalSection
EndGlobal
