
Microsoft Visual Studio Solution File, Format Version 12.00
Project("{FAE04EC0-301F-11D3-BF4B-00C04F79EFBC}") = "Factory", "Factory\Factory.csproj", "{08ACA078-56EE-4C95-9122-511290C47965}"
EndProject
Project("{FAE04EC0-301F-11D3-BF4B-00C04F79EFBC}") = "Adapter", "Adapter\Adapter.csproj", "{5AD560B6-98FD-4EEF-B6B6-6D9F6EEBFB54}"
EndProject
Project("{FAE04EC0-301F-11D3-BF4B-00C04F79EFBC}") = "Singleton", "Singleton\Singleton.csproj", "{6CACF42E-A3E5-4379-A9EF-CB0DA217E040}"
EndProject
Global
	GlobalSection(SolutionConfigurationPlatforms) = preSolution
		Debug|Any CPU = Debug|Any CPU
		Release|Any CPU = Release|Any CPU
	EndGlobalSection
	GlobalSection(ProjectConfigurationPlatforms) = postSolution
		{08ACA078-56EE-4C95-9122-511290C47965}.Debug|Any CPU.ActiveCfg = Debug|Any CPU
		{08ACA078-56EE-4C95-9122-511290C47965}.Debug|Any CPU.Build.0 = Debug|Any CPU
		{08ACA078-56EE-4C95-9122-511290C47965}.Release|Any CPU.ActiveCfg = Release|Any CPU
		{08ACA078-56EE-4C95-9122-511290C47965}.Release|Any CPU.Build.0 = Release|Any CPU
		{5AD560B6-98FD-4EEF-B6B6-6D9F6EEBFB54}.Debug|Any CPU.ActiveCfg = Debug|Any CPU
		{5AD560B6-98FD-4EEF-B6B6-6D9F6EEBFB54}.Debug|Any CPU.Build.0 = Debug|Any CPU
		{5AD560B6-98FD-4EEF-B6B6-6D9F6EEBFB54}.Release|Any CPU.ActiveCfg = Release|Any CPU
		{5AD560B6-98FD-4EEF-B6B6-6D9F6EEBFB54}.Release|Any CPU.Build.0 = Release|Any CPU
		{6CACF42E-A3E5-4379-A9EF-CB0DA217E040}.Debug|Any CPU.ActiveCfg = Debug|Any CPU
		{6CACF42E-A3E5-4379-A9EF-CB0DA217E040}.Debug|Any CPU.Build.0 = Debug|Any CPU
		{6CACF42E-A3E5-4379-A9EF-CB0DA217E040}.Release|Any CPU.ActiveCfg = Release|Any CPU
		{6CACF42E-A3E5-4379-A9EF-CB0DA217E040}.Release|Any CPU.Build.0 = Release|Any CPU
	EndGlobalSection
EndGlobal
